# This file is automatically @generated by Cargo.
# It is not intended for manual editing.
version = 4

[[package]]
name = "cfg-if"
version = "1.0.4"
source = "registry+https://github.com/rust-lang/crates.io-index"
checksum = "9330f8b2ff13f34540b44e946ef35111825727b38d33286ef986142615121801"

[[package]]
name = "crunchy"
version = "0.2.4"
source = "registry+https://github.com/rust-lang/crates.io-index"
checksum = "460fbee9c2c2f33933d720630a6a0bac33ba7053db5344fac858d4b8952d77d5"

[[package]]
name = "equivalent"
version = "1.0.2"
source = "registry+https://github.com/rust-lang/crates.io-index"
checksum = "877a4ace8713b0bcf2a4e7eec82529c029f1d0619886d18145fea96c3ffe5c0f"

[[package]]
name = "half"
version = "2.7.1"
source = "registry+https://github.com/rust-lang/crates.io-index"
checksum = "6ea2d84b969582b4b1864a92dc5d27cd2b77b622a8d79306834f1be5ba20d84b"
dependencies = [
 "cfg-if",
 "crunchy",
 "zerocopy",
]

[[package]]
name = "hashbrown"
version = "0.17.1"
source = "registry+https://github.com/rust-lang/crates.io-index"
checksum = "ed5909b6e89a2db4456e54cd5f673791d7eca6732202bbf2a9cc504fe2f9b84a"

[[package]]
name = "indexmap"
version = "2.14.0"
source = "registry+https://github.com/rust-lang/crates.io-index"
checksum = "d466e9454f08e4a911e14806c24e16fba1b4c121d1ea474396f396069cf949d9"
dependencies = [
 "equivalent",
 "hashbrown",
]

[[package]]
name = "inventory"
version = "0.3.24"
source = "registry+https://github.com/rust-lang/crates.io-index"
checksum = "a4f0c30c76f2f4ccee3fe55a2435f691ca00c0e4bd87abe4f4a851b1d4dac39b"
dependencies = [
 "rustversion",
]

[[package]]
name = "itoa"
version = "1.0.18"
source = "registry+https://github.com/rust-lang/crates.io-index"
checksum = "8f42a60cbdf9a97f5d2305f08a87dc4e09308d1276d28c869c684d7777685682"

[[package]]
name = "memchr"
version = "2.8.3"
source = "registry+https://github.com/rust-lang/crates.io-index"
checksum = "cf8baf1c55e62ffcace7a9f06f4bd9cd3f0c4beb022d3b367256b91b87513d98"

[[package]]
name = "proc-macro-crate"
version = "3.5.0"
source = "registry+https://github.com/rust-lang/crates.io-index"
checksum = "e67ba7e9b2b56446f1d419b1d807906278ffa1a658a8a5d8a39dcb1f5a78614f"
dependencies = [
 "toml_edit",
]

[[package]]
name = "proc-macro2"
version = "1.0.107"
source = "registry+https://github.com/rust-lang/crates.io-index"
checksum = "985e7ec9bb745e6ce6535b544d84d6cd6f7ad8bd711c398938ae983b91a766d9"
dependencies = [
 "unicode-ident",
]

[[package]]
name = "quote"
version = "1.0.47"
source = "registry+https://github.com/rust-lang/crates.io-index"
checksum = "1fbf4db142a473a8d80c26bbf18454ed458bf8d26c8219c331daecfdbd079001"
dependencies = [
 "proc-macro2",
]

[[package]]
name = "rustversion"
version = "1.0.23"
source = "registry+https://github.com/rust-lang/crates.io-index"
checksum = "cf54715a573b99ac80df0bc206da022bcd442c974952c7b9720069370852e21f"

[[package]]
name = "serde"
version = "1.0.229"
source = "registry+https://github.com/rust-lang/crates.io-index"
checksum = "4148590afebada386688f18773da617792bf2ef03ffc1e4cbd2b1d45b023e0ba"
dependencies = [
 "serde_core",
 "serde_derive",
]

[[package]]
name = "serde_core"
version = "1.0.229"
source = "registry+https://github.com/rust-lang/crates.io-index"
checksum = "67dca2c9c51e58a4791a4b1ed58308b39c64224d349a935ab5039aa360942a48"
dependencies = [
 "serde_derive",
]

[[package]]
name = "serde_derive"
version = "1.0.229"
source = "registry+https://github.com/rust-lang/crates.io-index"
checksum = "e7a5d71263a5a7d47b41f6b3f06ba276f10cc18b0931f1799f710578e2309348"
dependencies = [
 "proc-macro2",
 "quote",
 "syn 3.0.3",
]

[[package]]
name = "serde_json"
version = "1.0.151"
source = "registry+https://github.com/rust-lang/crates.io-index"
checksum = "c841b55ecdae098c80dcae9cf767f6f8a0c2cdb3416bbef72181df4d0fe73f14"
dependencies = [
 "itoa",
 "memchr",
 "serde",
 "serde_core",
 "zmij",
]

[[package]]
name = "sim-citizen"
version = "0.1.2"
source = "registry+https://github.com/rust-lang/crates.io-index"
checksum = "40b4b0594389d7eb1b007c220baecf910324ee46e107ed08d80be8523a8f9470"
dependencies = [
 "inventory",
 "sim-kernel",
 "sim-value",
]

[[package]]
name = "sim-citizen-derive"
version = "0.1.3"
source = "registry+https://github.com/rust-lang/crates.io-index"
checksum = "4fd164b9a51defbe2842c406d8f644f7bf92256c291e3166e82c393996a2323f"
dependencies = [
 "proc-macro-crate",
 "proc-macro2",
 "quote",
 "syn 2.0.119",
]

[[package]]
name = "sim-codec"
version = "0.1.6"
source = "registry+https://github.com/rust-lang/crates.io-index"
checksum = "a7ef2dd5d4ecb5cd61bc0fdcfab46bfd90e072f9baff90ed1ec67a762f9fdca6"
dependencies = [
 "sim-citizen",
 "sim-citizen-derive",
 "sim-cookbook",
 "sim-kernel",
 "sim-lib-net-core",
 "sim-shape",
]

[[package]]
name = "sim-codec-binary"
version = "0.1.3"
source = "registry+https://github.com/rust-lang/crates.io-index"
checksum = "5fede0e88e7cbc791209e61b9a570d80d577ac2a16bec023f5b3478627cf52d7"
dependencies = [
 "sim-codec",
 "sim-cookbook",
 "sim-kernel",
 "sim-value",
]

[[package]]
name = "sim-codec-binary-base64"
version = "0.1.3"
source = "registry+https://github.com/rust-lang/crates.io-index"
checksum = "2ea38c73dc98617ce2b2ef7afc06a09123fa456d88709c30f476cea80141cdcc"
dependencies = [
 "sim-codec",
 "sim-codec-binary",
 "sim-cookbook",
 "sim-kernel",
 "sim-value",
]

[[package]]
name = "sim-codec-json"
version = "0.1.3"
source = "registry+https://github.com/rust-lang/crates.io-index"
checksum = "482b4e39531ecac3b228b0daad547aef7369cd3f148b468af6b8770e07eeaac2"
dependencies = [
 "serde",
 "serde_json",
 "sim-codec",
 "sim-codec-binary-base64",
 "sim-cookbook",
 "sim-kernel",
 "sim-shape",
]

[[package]]
name = "sim-codec-lisp"
version = "0.1.2"
source = "registry+https://github.com/rust-lang/crates.io-index"
checksum = "61a6f41cd551815e94c81c970a8c60595201762a83d4ad5b8bdf8f6659209318"
dependencies = [
 "proc-macro2",
 "sim-codec",
 "sim-cookbook",
 "sim-kernel",
 "sim-shape",
]

[[package]]
name = "sim-config"
version = "0.1.2"
source = "registry+https://github.com/rust-lang/crates.io-index"
checksum = "32d67847f715dd2e63f2dc5c8e0b5056654c17b8a720791710889e8432a9bc9e"
dependencies = [
 "sim-kernel",
 "sim-table-core",
 "sim-value",
]

[[package]]
name = "sim-cookbook"
version = "0.1.4"
source = "registry+https://github.com/rust-lang/crates.io-index"
checksum = "0331f4e9f43004e76bb4b9c17b86f0a37e08da6bac20065e259184169fa728e7"
dependencies = [
 "sim-config",
 "sim-kernel",
 "sim-value",
]

[[package]]
name = "sim-kernel"
version = "0.1.5"
source = "registry+https://github.com/rust-lang/crates.io-index"
checksum = "eb11a8e5a75498fc08ada856691511d19185250b01cd23bdaea25fa0d04035bc"
dependencies = [
 "thiserror",
]

[[package]]
name = "sim-lib-interference-core"
version = "0.1.0"

[[package]]
name = "sim-lib-interference-runtime"
version = "0.1.0"
dependencies = [
 "sim-citizen",
 "sim-codec",
 "sim-codec-binary",
 "sim-codec-json",
 "sim-codec-lisp",
 "sim-kernel",
 "sim-lib-interference-core",
 "sim-lib-interference-solve",
 "sim-lib-numbers-tensor",
 "sim-shape",
]

[[package]]
name = "sim-lib-interference-solve"
version = "0.1.0"
dependencies = [
 "sim-lib-interference-core",
]

[[package]]
name = "sim-lib-net-core"
version = "0.1.5"
source = "registry+https://github.com/rust-lang/crates.io-index"
checksum = "b1fb070b7117bf45b42beda09993092de30d3f993fffc1622d8ae60b7d71fef5"
dependencies = [
 "sim-cookbook",
]

[[package]]
name = "sim-lib-numbers-core"
version = "0.3.0"
source = "registry+https://github.com/rust-lang/crates.io-index"
checksum = "fa39564c4cefda29c30fb25c1ef87830d9b2f9fc49a1f4d4e47f36d53280d82b"
dependencies = [
 "sim-cookbook",
 "sim-kernel",
 "sim-shape",
]

[[package]]
name = "sim-lib-numbers-tensor"
version = "0.2.0"
source = "registry+https://github.com/rust-lang/crates.io-index"
checksum = "796aba0e882c446f4bbac727e9d15b5af78dd609e9ed1613a47505b63964aa7e"
dependencies = [
 "half",
 "sim-citizen",
 "sim-citizen-derive",
 "sim-cookbook",
 "sim-kernel",
 "sim-lib-numbers-core",
 "sim-shape",
]

[[package]]
name = "sim-shape"
version = "0.1.3"
source = "registry+https://github.com/rust-lang/crates.io-index"
checksum = "57d1c6c1f4603bdde006710ea260cae14191cc2dbffa8bd0c03aef65b417f5dc"
dependencies = [
 "sim-citizen",
 "sim-citizen-derive",
 "sim-kernel",
]

[[package]]
name = "sim-table-core"
version = "0.1.2"
source = "registry+https://github.com/rust-lang/crates.io-index"
checksum = "a539511c9674c7aadde75e8ecc459f9ec4de3908748ceccae4b8c0def7385657"
dependencies = [
 "sim-kernel",
 "sim-value",
]

[[package]]
name = "sim-value"
version = "0.1.2"
source = "registry+https://github.com/rust-lang/crates.io-index"
checksum = "36787dd245068c435cfdf11acad040b0c16b818e83167c3eec8c7d726ff61da0"
dependencies = [
 "sim-kernel",
]

[[package]]
name = "syn"
version = "2.0.119"
source = "registry+https://github.com/rust-lang/crates.io-index"
checksum = "872831b642d1a07999a962a351ed35b955ea2cfc8f3862091e2a240a84f17297"
dependencies = [
 "proc-macro2",
 "quote",
 "unicode-ident",
]

[[package]]
name = "syn"
version = "3.0.3"
source = "registry+https://github.com/rust-lang/crates.io-index"
checksum = "53e9bae58849f64dfa4f5d5ae372c8341f7305f82a3868709269343628b659a3"
dependencies = [
 "proc-macro2",
 "quote",
 "unicode-ident",
]

[[package]]
name = "thiserror"
version = "1.0.69"
source = "registry+https://github.com/rust-lang/crates.io-index"
checksum = "b6aaf5339b578ea85b50e080feb250a3e8ae8cfcdff9a461c9ec2904bc923f52"
dependencies = [
 "thiserror-impl",
]

[[package]]
name = "thiserror-impl"
version = "1.0.69"
source = "registry+https://github.com/rust-lang/crates.io-index"
checksum = "4fee6c4efc90059e10f81e6d42c60a18f76588c3d74cb83a0b242a2b6c7504c1"
dependencies = [
 "proc-macro2",
 "quote",
 "syn 2.0.119",
]

[[package]]
name = "toml_datetime"
version = "1.1.1+spec-1.1.0"
source = "registry+https://github.com/rust-lang/crates.io-index"
checksum = "3165f65f62e28e0115a00b2ebdd37eb6f3b641855f9d636d3cd4103767159ad7"
dependencies = [
 "serde_core",
]

[[package]]
name = "toml_edit"
version = "0.25.13+spec-1.1.0"
source = "registry+https://github.com/rust-lang/crates.io-index"
checksum = "6975367e4d2ef766d86af01ffad14b622fecc8d4357a998fbc4deb6e9bacaf9b"
dependencies = [
 "indexmap",
 "toml_datetime",
 "toml_parser",
 "winnow",
]

[[package]]
name = "toml_parser"
version = "1.1.3+spec-1.1.0"
source = "registry+https://github.com/rust-lang/crates.io-index"
checksum = "1d38ac1cf9b95face32296c0a3ede1fdc270627c9d9c02a7274dd6d960dc4d56"
dependencies = [
 "winnow",
]

[[package]]
name = "unicode-ident"
version = "1.0.24"
source = "registry+https://github.com/rust-lang/crates.io-index"
checksum = "e6e4313cd5fcd3dad5cafa179702e2b244f760991f45397d14d4ebf38247da75"

[[package]]
name = "winnow"
version = "1.0.4"
source = "registry+https://github.com/rust-lang/crates.io-index"
checksum = "23b97319f7b8343df12cc98938e5c3eb436064524c8d2b4e30a1d3a36eecdf81"
dependencies = [
 "memchr",
]

[[package]]
name = "xtask"
version = "0.1.0"

[[package]]
name = "zerocopy"
version = "0.8.55"
source = "registry+https://github.com/rust-lang/crates.io-index"
checksum = "b5a105cd7b140f6eeec8acff2ea38135d3cab283ada58540f629fe51e46696eb"
dependencies = [
 "zerocopy-derive",
]

[[package]]
name = "zerocopy-derive"
version = "0.8.55"
source = "registry+https://github.com/rust-lang/crates.io-index"
checksum = "0fe976fb70c78cd64cccfe3a6fc142244e8a77b70959b30faf9d0ac37ee228eb"
dependencies = [
 "proc-macro2",
 "quote",
 "syn 2.0.119",
]

[[package]]
name = "zmij"
version = "1.0.23"
source = "registry+https://github.com/rust-lang/crates.io-index"
checksum = "29666d0abbfad1e3dc4dcf6144730dd3a3ab225bbbdac83319345b1b44ccfc1b"
